
Microsoft Visual Studio Solution File, Format Version 12.00
# Visual Studio 15
VisualStudioVersion = 15.0.28307.1525
MinimumVisualStudioVersion = 10.0.40219.1
Project("{FAE04EC0-301F-11D3-BF4B-00C04F79EFBC}") = "SAT.MVC.UI", "SAT.MVC.UI\SAT.MVC.UI.csproj", "{7A4685E0-EC8B-43CF-92C9-2BF18B60BD3A}"
EndProject
Global
	GlobalSection(SolutionConfigurationPlatforms) = preSolution
		Debug|Any CPU = Debug|Any CPU
		Release|Any CPU = Release|Any CPU
	EndGlobalSection
	GlobalSection(ProjectConfigurationPlatforms) = postSolution
		{7A4685E0-EC8B-43CF-92C9-2BF18B60BD3A}.Debug|Any CPU.ActiveCfg = Debug|Any CPU
		{7A4685E0-EC8B-43CF-92C9-2BF18B60BD3A}.Debug|Any CPU.Build.0 = Debug|Any CPU
		{7A4685E0-EC8B-43CF-92C9-2BF18B60BD3A}.Release|Any CPU.ActiveCfg = Release|Any CPU
		{7A4685E0-EC8B-43CF-92C9-2BF18B60BD3A}.Release|Any CPU.Build.0 = Release|Any CPU
	EndGlobalSection
	GlobalSection(SolutionProperties) = preSolution
		HideSolutionNode = FALSE
	EndGlobalSection
	GlobalSection(ExtensibilityGlobals) = postSolution
		SolutionGuid = {2D73B498-EAA6-4A35-80AB-7EAD482C6567}
	EndGlobalSection
EndGlobal
